
Microsoft Visual Studio Solution File, Format Version 12.00
Project("{FAE04EC0-301F-11D3-BF4B-00C04F79EFBC}") = "LibraryAPI", "LibraryAPI\LibraryAPI.csproj", "{77B3700C-8ADB-4A3B-86C7-6FE551D9C950}"
EndProject
Project("{FAE04EC0-301F-11D3-BF4B-00C04F79EFBC}") = "LibraryAPI.Tests", "LibraryAPI.Tests\LibraryAPI.Tests.csproj", "{79EC272C-E41C-4BB5-BB71-DC6B02A44C24}"
EndProject
Global
	GlobalSection(SolutionConfigurationPlatforms) = preSolution
		Debug|Any CPU = Debug|Any CPU
		Release|Any CPU = Release|Any CPU
	EndGlobalSection
	GlobalSection(ProjectConfigurationPlatforms) = postSolution
		{77B3700C-8ADB-4A3B-86C7-6FE551D9C950}.Debug|Any CPU.ActiveCfg = Debug|Any CPU
		{77B3700C-8ADB-4A3B-86C7-6FE551D9C950}.Debug|Any CPU.Build.0 = Debug|Any CPU
		{77B3700C-8ADB-4A3B-86C7-6FE551D9C950}.Release|Any CPU.ActiveCfg = Release|Any CPU
		{77B3700C-8ADB-4A3B-86C7-6FE551D9C950}.Release|Any CPU.Build.0 = Release|Any CPU
		{79EC272C-E41C-4BB5-BB71-DC6B02A44C24}.Debug|Any CPU.ActiveCfg = Debug|Any CPU
		{79EC272C-E41C-4BB5-BB71-DC6B02A44C24}.Debug|Any CPU.Build.0 = Debug|Any CPU
		{79EC272C-E41C-4BB5-BB71-DC6B02A44C24}.Release|Any CPU.ActiveCfg = Release|Any CPU
		{79EC272C-E41C-4BB5-BB71-DC6B02A44C24}.Release|Any CPU.Build.0 = Release|Any CPU
	EndGlobalSection
EndGlobal
